
Microsoft Visual Studio Solution File, Format Version 12.00
# Visual Studio Version 17
VisualStudioVersion = 17.2.32526.322
MinimumVisualStudioVersion = 10.0.40219.1
Project("{FAE04EC0-301F-11D3-BF4B-00C04F79EFBC}") = "ProjectEuler", "ProjectEuler\ProjectEuler.csproj", "{FF82B5BF-64CB-4527-B6AB-A2766FBD06DD}"
EndProject
Global
	GlobalSection(SolutionConfigurationPlatforms) = preSolution
		Debug|Any CPU = Debug|Any CPU
		Release|Any CPU = Release|Any CPU
	EndGlobalSection
	GlobalSection(ProjectConfigurationPlatforms) = postSolution
		{FF82B5BF-64CB-4527-B6AB-A2766FBD06DD}.Debug|Any CPU.ActiveCfg = Debug|Any CPU
		{FF82B5BF-64CB-4527-B6AB-A2766FBD06DD}.Debug|Any CPU.Build.0 = Debug|Any CPU
		{FF82B5BF-64CB-4527-B6AB-A2766FBD06DD}.Release|Any CPU.ActiveCfg = Release|Any CPU
		{FF82B5BF-64CB-4527-B6AB-A2766FBD06DD}.Release|Any CPU.Build.0 = Release|Any CPU
	EndGlobalSection
	GlobalSection(SolutionProperties) = preSolution
		HideSolutionNode = FALSE
	EndGlobalSection
	GlobalSection(ExtensibilityGlobals) = postSolution
		SolutionGuid = {AF69E17A-468A-4780-B6FD-6F60CB35023A}
	EndGlobalSection
EndGlobal
